
Microsoft Visual Studio Solution File, Format Version 12.00
# Visual Studio Version 17
VisualStudioVersion = 17.4.33103.184
MinimumVisualStudioVersion = 10.0.40219.1
Project("{FAE04EC0-301F-11D3-BF4B-00C04F79EFBC}") = "IBGE-Estatistics", "IBGE-Estatistics\IBGE-Estatistics.csproj", "{A0B0AA62-927C-4AAD-AB25-837C00861FF5}"
EndProject
Global
	GlobalSection(SolutionConfigurationPlatforms) = preSolution
		Debug|Any CPU = Debug|Any CPU
		Release|Any CPU = Release|Any CPU
	EndGlobalSection
	GlobalSection(ProjectConfigurationPlatforms) = postSolution
		{A0B0AA62-927C-4AAD-AB25-837C00861FF5}.Debug|Any CPU.ActiveCfg = Debug|Any CPU
		{A0B0AA62-927C-4AAD-AB25-837C00861FF5}.Debug|Any CPU.Build.0 = Debug|Any CPU
		{A0B0AA62-927C-4AAD-AB25-837C00861FF5}.Release|Any CPU.ActiveCfg = Release|Any CPU
		{A0B0AA62-927C-4AAD-AB25-837C00861FF5}.Release|Any CPU.Build.0 = Release|Any CPU
	EndGlobalSection
	GlobalSection(SolutionProperties) = preSolution
		HideSolutionNode = FALSE
	EndGlobalSection
	GlobalSection(ExtensibilityGlobals) = postSolution
		SolutionGuid = {E183B312-BDEB-45B0-9D53-A053DF8F7133}
	EndGlobalSection
EndGlobal
